{\n  "name": "unified-pin-control-ui",\n  "version": "0.1.0",\n  "lockfileVersion": 3,\n  "requires": true,\n  "packages": {\n    "": {\n      "name": "unified-pin-control-ui",\n      "version": "0.1.0",\n      "dependencies": {\n        "@primevue/themes": "^4.0.0",\n        "pinia": "^2.1.7",\n        "primeicons": "^6.0.1",\n        "primevue": "^3.53.0",\n        "vue": "^3.4.0"\n      },\n      "devDependencies": {\n        "@vitejs/plugin-vue": "^5.0.0",\n        "autoprefixer": "^10.4.0",\n        "postcss": "^8.4.0",\n        "tailwindcss": "^3.4.0",\n        "vite": "^5.0.0"\n      }\n    }\n  }\n}